<?xml version="1.0" encoding="utf-8"?>
<Project ToolsVersion="4.0" xmlns="http://schemas.microsoft.com/developer/msbuild/2003">
  <ItemGroup>
    <Filter Include="include">
      <UniqueIdentifier>{8628CFED-6D71-0B46-BF08-E7AEE2E8E0F7}</UniqueIdentifier>
    </Filter>
    <Filter Include="include\AK">
      <UniqueIdentifier>{02208F2C-0430-884D-A526-FA27A767548B}</UniqueIdentifier>
    </Filter>
    <Filter Include="include\AK\Plugin">
      <UniqueIdentifier>{A059D676-1CF8-1146-ACAC-4F9CE1E7467C}</UniqueIdentifier>
    </Filter>
    <Filter Include="include\AK\DSP">
      <UniqueIdentifier>{1A625878-AF32-BA4C-BD54-88005874BA07}</UniqueIdentifier>
    </Filter>
    <Filter Include="include\AK\Plugin\PluginServices">
      <UniqueIdentifier>{CD52C0A1-3974-354F-AB58-8A0529891576}</UniqueIdentifier>
    </Filter>
    <Filter Include="DSP">
      <UniqueIdentifier>{72E4625D-DFDA-4143-BA55-C319ABD4A1E6}</UniqueIdentifier>
    </Filter>
  </ItemGroup>
  <ItemGroup>
    <ClInclude Include="..\AkFXSrcSine.h" />
    <ClInclude Include="..\AkFXSrcSineParams.h" />
    <ClInclude Include="..\..\..\..\..\..\include\AK\Plugin\AkSineSourceFactory.h">
      <Filter>include\AK\Plugin</Filter>
    </ClInclude>
    <ClInclude Include="..\..\..\..\..\..\include\AK\DSP\AkApplyGain.h">
      <Filter>include\AK\DSP</Filter>
    </ClInclude>
    <ClInclude Include="..\..\..\..\..\..\include\AK\Plugin\PluginServices\AkFXDurationHandler.h">
      <Filter>include\AK\Plugin\PluginServices</Filter>
    </ClInclude>
    <ClInclude Include="..\..\..\..\..\..\include\AK\Plugin\PluginServices\AkFXParameterChangeHandler.h">
      <Filter>include\AK\Plugin\PluginServices</Filter>
    </ClInclude>
    <ClInclude Include="..\..\..\..\..\DSP\AkSineOsc.h">
      <Filter>DSP</Filter>
    </ClInclude>
  </ItemGroup>
  <ItemGroup>
    <ClCompile Include="..\AkFXSrcSine.cpp" />
    <ClCompile Include="..\AkFXSrcSineParams.cpp" />
    <ClCompile Include="..\..\..\..\..\DSP\AkSineOsc.cpp">
      <Filter>DSP</Filter>
    </ClCompile>
  </ItemGroup>
</Project>
