<?xml version="1.0" encoding="utf-8"?>
<Project ToolsVersion="4.0" xmlns="http://schemas.microsoft.com/developer/msbuild/2003">
  <ItemGroup>
    <Filter Include="Common">
      <UniqueIdentifier>bb9e1c58-b4a8-4b2d-ad59-9a27f3dd8a90</UniqueIdentifier>
    </Filter>
    <Filter Include="Assets">
      <UniqueIdentifier>fa652ff7-435d-4555-8b52-dc324a68b81e</UniqueIdentifier>
      <Extensions>bmp;fbx;gif;jpg;jpeg;tga;tiff;tif;png</Extensions>
    </Filter>
    <ClInclude Include="Common\DirectXHelper.h">
      <Filter>Common</Filter>
    </ClInclude>
    <ClInclude Include="Common\StepTimer.h">
      <Filter>Common</Filter>
    </ClInclude>
    <ClInclude Include="Common\DeviceResources.h">
      <Filter>Common</Filter>
    </ClInclude>
    <ClCompile Include="Common\DeviceResources.cpp">
      <Filter>Common</Filter>
    </ClCompile>
    <Image Include="Assets\Logo.scale-100.png">
      <Filter>Assets</Filter>
    </Image>
    <Image Include="Assets\SmallLogo.scale-100.png">
      <Filter>Assets</Filter>
    </Image>
    <Image Include="Assets\StoreLogo.scale-100.png">
      <Filter>Assets</Filter>
    </Image>
    <Image Include="Assets\SplashScreen.scale-100.png">
      <Filter>Assets</Filter>
    </Image>
    <Image Include="Assets\WideLogo.scale-100.png">
      <Filter>Assets</Filter>
    </Image>
    <Filter Include="MenuSystem">
      <UniqueIdentifier>{8be116be-91d0-46f9-869d-57e569a7c56e}</UniqueIdentifier>
    </Filter>
    <Filter Include="DemoPages">
      <UniqueIdentifier>{84add6b9-3048-4afa-9c34-862b82e36720}</UniqueIdentifier>
    </Filter>
    <Filter Include="LowLevelIO">
      <UniqueIdentifier>{811b6fe3-ff3d-429e-b613-bce04aed1412}</UniqueIdentifier>
    </Filter>
    <Filter Include="LowLevelIO\Common">
      <UniqueIdentifier>{beb04a7b-6c39-49d6-85cb-59ccd9d50f71}</UniqueIdentifier>
    </Filter>
    <Filter Include="LowLevelIO\Win32">
      <UniqueIdentifier>{4f933b5a-7c00-4732-800f-e93feaaa0ba7}</UniqueIdentifier>
    </Filter>
    <Filter Include="Assets\SoundBanks">
      <UniqueIdentifier>{511bc19f-d756-404f-ade3-184d30e7cc79}</UniqueIdentifier>
    </Filter>
  </ItemGroup>
  <ItemGroup>
    <ClCompile Include="App.cpp" />
    <ClCompile Include="stdafx.cpp" />
    <ClCompile Include="SimpleTextRenderer.cpp" />
    <ClCompile Include="..\Common\SoundInputBase.cpp">
      <Filter>Common</Filter>
    </ClCompile>
    <ClCompile Include="..\Common\SoundInputMgrBase.cpp">
      <Filter>Common</Filter>
    </ClCompile>
    <ClCompile Include="..\Common\Helpers.cpp">
      <Filter>Common</Filter>
    </ClCompile>
    <ClCompile Include="..\Common\IntegrationDemo.cpp">
      <Filter>Common</Filter>
    </ClCompile>
    <ClCompile Include="SoundInput.cpp" />
    <ClCompile Include="SoundInputMgr.cpp" />
    <ClCompile Include="..\MenuSystem\MessagePage.cpp">
      <Filter>MenuSystem</Filter>
    </ClCompile>
    <ClCompile Include="..\MenuSystem\MovableChip.cpp">
      <Filter>MenuSystem</Filter>
    </ClCompile>
    <ClCompile Include="..\MenuSystem\MultiplayerPage.cpp">
      <Filter>MenuSystem</Filter>
    </ClCompile>
    <ClCompile Include="..\MenuSystem\NumericControl.cpp">
      <Filter>MenuSystem</Filter>
    </ClCompile>
    <ClCompile Include="..\MenuSystem\Page.cpp">
      <Filter>MenuSystem</Filter>
    </ClCompile>
    <ClCompile Include="..\MenuSystem\ToggleControl.cpp">
      <Filter>MenuSystem</Filter>
    </ClCompile>
    <ClCompile Include="..\MenuSystem\UniversalInput.cpp">
      <Filter>MenuSystem</Filter>
    </ClCompile>
    <ClCompile Include="..\MenuSystem\ButtonControl.cpp">
      <Filter>MenuSystem</Filter>
    </ClCompile>
    <ClCompile Include="..\MenuSystem\Control.cpp">
      <Filter>MenuSystem</Filter>
    </ClCompile>
    <ClCompile Include="..\MenuSystem\Menu.cpp">
      <Filter>MenuSystem</Filter>
    </ClCompile>
    <ClCompile Include="..\DemoPages\DemoFootstepsManyVariables.cpp">
      <Filter>DemoPages</Filter>
    </ClCompile>
    <ClCompile Include="..\DemoPages\DemoInteractiveMusic.cpp">
      <Filter>DemoPages</Filter>
    </ClCompile>
    <ClCompile Include="..\DemoPages\DemoLocalization.cpp">
      <Filter>DemoPages</Filter>
    </ClCompile>
    <ClCompile Include="..\DemoPages\DemoMarkers.cpp">
      <Filter>DemoPages</Filter>
    </ClCompile>
    <ClCompile Include="..\DemoPages\DemoMicrophone.cpp">
      <Filter>DemoPages</Filter>
    </ClCompile>
    <ClCompile Include="..\DemoPages\DemoMotion.cpp">
      <Filter>DemoPages</Filter>
    </ClCompile>
    <ClCompile Include="..\DemoPages\DemoMusicCallbacks.cpp">
      <Filter>DemoPages</Filter>
    </ClCompile>
    <ClCompile Include="..\DemoPages\DemoPositioning.cpp">
      <Filter>DemoPages</Filter>
    </ClCompile>
    <ClCompile Include="..\DemoPages\DemoRTPCCarEngine.cpp">
      <Filter>DemoPages</Filter>
    </ClCompile>
    <ClCompile Include="..\DemoPages\BaseMenuPage.cpp">
      <Filter>DemoPages</Filter>
    </ClCompile>
    <ClCompile Include="..\DemoPages\DemoBGM.cpp">
      <Filter>DemoPages</Filter>
    </ClCompile>
    <ClCompile Include="..\DemoPages\DemoDialogueMenu.cpp">
      <Filter>DemoPages</Filter>
    </ClCompile>
    <ClCompile Include="..\DemoPages\DemoPositioningMenu.cpp">
      <Filter>DemoPages</Filter>
    </ClCompile>
    <ClCompile Include="..\DemoPages\DemoDynamicDialogue.cpp">
      <Filter>DemoPages</Filter>
    </ClCompile>
    <ClCompile Include="..\DemoPages\DemoExternalSources.cpp">
      <Filter>DemoPages</Filter>
    </ClCompile>
    <ClCompile Include="..\..\SoundEngine\Common\AkFilePackage.cpp">
      <Filter>LowLevelIO\Common</Filter>
    </ClCompile>
    <ClCompile Include="..\..\SoundEngine\Common\AkFilePackageLUT.cpp">
      <Filter>LowLevelIO\Common</Filter>
    </ClCompile>
    <ClCompile Include="..\..\SoundEngine\Common\AkFileLocationBase.cpp">
      <Filter>LowLevelIO\Common</Filter>
    </ClCompile>
    <ClCompile Include="..\..\SoundEngine\Win32\AkDefaultIOHookBlocking.cpp">
      <Filter>LowLevelIO\Win32</Filter>
    </ClCompile>
    <ClCompile Include="Drawing.cpp" />
    <ClCompile Include="InputMgr.cpp" />
    <ClCompile Include="..\DemoPages\DemoMIDIMetronome.cpp" />
  </ItemGroup>
  <ItemGroup>
    <ClInclude Include="App.h" />
    <ClInclude Include="stdafx.h" />
    <ClInclude Include="SimpleTextRenderer.h" />
    <ClInclude Include="..\Common\SoundInputBase.h">
      <Filter>Common</Filter>
    </ClInclude>
    <ClInclude Include="..\Common\SoundInputMgrBase.h">
      <Filter>Common</Filter>
    </ClInclude>
    <ClInclude Include="..\Common\Helpers.h">
      <Filter>Common</Filter>
    </ClInclude>
    <ClInclude Include="..\Common\IntegrationDemo.h">
      <Filter>Common</Filter>
    </ClInclude>
    <ClInclude Include="SoundInput.h" />
    <ClInclude Include="SoundInputMgr.h" />
    <ClInclude Include="..\MenuSystem\MenuControls.h">
      <Filter>MenuSystem</Filter>
    </ClInclude>
    <ClInclude Include="..\MenuSystem\MessagePage.h">
      <Filter>MenuSystem</Filter>
    </ClInclude>
    <ClInclude Include="..\MenuSystem\MovableChip.h">
      <Filter>MenuSystem</Filter>
    </ClInclude>
    <ClInclude Include="..\MenuSystem\MultiplayerPage.h">
      <Filter>MenuSystem</Filter>
    </ClInclude>
    <ClInclude Include="..\MenuSystem\NumericControl.h">
      <Filter>MenuSystem</Filter>
    </ClInclude>
    <ClInclude Include="..\MenuSystem\Page.h">
      <Filter>MenuSystem</Filter>
    </ClInclude>
    <ClInclude Include="..\MenuSystem\ToggleControl.h">
      <Filter>MenuSystem</Filter>
    </ClInclude>
    <ClInclude Include="..\MenuSystem\UniversalInput.h">
      <Filter>MenuSystem</Filter>
    </ClInclude>
    <ClInclude Include="..\MenuSystem\ButtonControl.h">
      <Filter>MenuSystem</Filter>
    </ClInclude>
    <ClInclude Include="..\MenuSystem\Control.h">
      <Filter>MenuSystem</Filter>
    </ClInclude>
    <ClInclude Include="..\MenuSystem\Drawing.h">
      <Filter>MenuSystem</Filter>
    </ClInclude>
    <ClInclude Include="..\MenuSystem\Menu.h">
      <Filter>MenuSystem</Filter>
    </ClInclude>
    <ClInclude Include="..\DemoPages\DemoExternalSources.h">
      <Filter>DemoPages</Filter>
    </ClInclude>
    <ClInclude Include="..\DemoPages\DemoFootstepsManyVariables.h">
      <Filter>DemoPages</Filter>
    </ClInclude>
    <ClInclude Include="..\DemoPages\DemoInteractiveMusic.h">
      <Filter>DemoPages</Filter>
    </ClInclude>
    <ClInclude Include="..\DemoPages\DemoLocalization.h">
      <Filter>DemoPages</Filter>
    </ClInclude>
    <ClInclude Include="..\DemoPages\DemoMarkers.h">
      <Filter>DemoPages</Filter>
    </ClInclude>
    <ClInclude Include="..\DemoPages\DemoMicrophone.h">
      <Filter>DemoPages</Filter>
    </ClInclude>
    <ClInclude Include="..\DemoPages\DemoMotion.h">
      <Filter>DemoPages</Filter>
    </ClInclude>
    <ClInclude Include="..\DemoPages\DemoMusicCallbacks.h">
      <Filter>DemoPages</Filter>
    </ClInclude>
    <ClInclude Include="..\DemoPages\DemoPositioning.h">
      <Filter>DemoPages</Filter>
    </ClInclude>
    <ClInclude Include="..\DemoPages\DemoRTPCCarEngine.h">
      <Filter>DemoPages</Filter>
    </ClInclude>
    <ClInclude Include="..\DemoPages\MenuPages.h">
      <Filter>DemoPages</Filter>
    </ClInclude>
    <ClInclude Include="..\DemoPages\BaseMenuPage.h">
      <Filter>DemoPages</Filter>
    </ClInclude>
    <ClInclude Include="..\DemoPages\DemoBGM.h">
      <Filter>DemoPages</Filter>
    </ClInclude>
    <ClInclude Include="..\DemoPages\DemoDialogueMenu.h">
      <Filter>DemoPages</Filter>
    </ClInclude>
    <ClInclude Include="..\DemoPages\DemoPositioningMenu.h">
      <Filter>DemoPages</Filter>
    </ClInclude>
    <ClInclude Include="..\DemoPages\DemoDynamicDialogue.h">
      <Filter>DemoPages</Filter>
    </ClInclude>
    <ClInclude Include="..\..\SoundEngine\Common\AkFilePackage.h">
      <Filter>LowLevelIO\Common</Filter>
    </ClInclude>
    <ClInclude Include="..\..\SoundEngine\Common\AkFilePackageLUT.h">
      <Filter>LowLevelIO\Common</Filter>
    </ClInclude>
    <ClInclude Include="..\..\SoundEngine\Common\AkFileLocationBase.h">
      <Filter>LowLevelIO\Common</Filter>
    </ClInclude>
    <ClInclude Include="..\..\SoundEngine\Win32\AkDefaultIOHookBlocking.h">
      <Filter>LowLevelIO\Win32</Filter>
    </ClInclude>
    <ClInclude Include="..\..\SoundEngine\Win32\AkFileHelpers.h">
      <Filter>LowLevelIO\Win32</Filter>
    </ClInclude>
    <ClInclude Include="InputMgr.h" />
    <ClInclude Include="..\DemoPages\DemoMIDIMetronome.h" />
  </ItemGroup>
  <ItemGroup>
    <AppxManifest Include="Package.appxmanifest" />
  </ItemGroup>
  <ItemGroup>
    <None Include="IntegrationDemo_TemporaryKey.pfx" />
    <None Include="..\WwiseProject\GeneratedSoundBanks\Windows\BGM.bnk">
      <Filter>Assets\SoundBanks</Filter>
    </None>
    <None Include="..\WwiseProject\GeneratedSoundBanks\Windows\Car.bnk">
      <Filter>Assets\SoundBanks</Filter>
    </None>
    <None Include="..\WwiseProject\GeneratedSoundBanks\Windows\Dirt.bnk">
      <Filter>Assets\SoundBanks</Filter>
    </None>
    <None Include="..\WwiseProject\GeneratedSoundBanks\Windows\ExternalSources.bnk">
      <Filter>Assets\SoundBanks</Filter>
    </None>
    <None Include="..\WwiseProject\GeneratedSoundBanks\Windows\ExternalSources.pck">
      <Filter>Assets\SoundBanks</Filter>
    </None>
    <None Include="..\WwiseProject\GeneratedSoundBanks\Windows\Gravel.bnk">
      <Filter>Assets\SoundBanks</Filter>
    </None>
    <None Include="..\WwiseProject\GeneratedSoundBanks\Windows\Init.bnk">
      <Filter>Assets\SoundBanks</Filter>
    </None>
    <None Include="..\WwiseProject\GeneratedSoundBanks\Windows\InteractiveMusic.bnk">
      <Filter>Assets\SoundBanks</Filter>
    </None>
    <None Include="..\WwiseProject\GeneratedSoundBanks\Windows\MarkerTest.bnk">
      <Filter>Assets\SoundBanks</Filter>
    </None>
    <None Include="..\WwiseProject\GeneratedSoundBanks\Windows\Metal.bnk">
      <Filter>Assets\SoundBanks</Filter>
    </None>
    <None Include="..\WwiseProject\GeneratedSoundBanks\Windows\Metronome.bnk">
      <Filter>Assets\SoundBanks</Filter>
    </None>
    <None Include="..\WwiseProject\GeneratedSoundBanks\Windows\Microphone.bnk">
      <Filter>Assets\SoundBanks</Filter>
    </None>
    <None Include="..\WwiseProject\GeneratedSoundBanks\Windows\Motion.bnk">
      <Filter>Assets\SoundBanks</Filter>
    </None>
    <None Include="..\WwiseProject\GeneratedSoundBanks\Windows\MusicCallbacks.bnk">
      <Filter>Assets\SoundBanks</Filter>
    </None>
    <None Include="..\WwiseProject\GeneratedSoundBanks\Windows\Positioning_Demo.bnk">
      <Filter>Assets\SoundBanks</Filter>
    </None>
    <None Include="..\WwiseProject\GeneratedSoundBanks\Windows\Wood.bnk">
      <Filter>Assets\SoundBanks</Filter>
    </None>
  </ItemGroup>
</Project>