<?xml version="1.0" encoding="utf-8"?>
<Project ToolsVersion="4.0" xmlns="http://schemas.microsoft.com/developer/msbuild/2003">
  <ItemGroup>
    <Filter Include="include">
      <UniqueIdentifier>{B7063C65-7EBF-2F4E-86F3-0F2618C20E85}</UniqueIdentifier>
    </Filter>
    <Filter Include="include\AK">
      <UniqueIdentifier>{BD9BAF93-3600-944F-82F4-AF14ACF3E44E}</UniqueIdentifier>
    </Filter>
    <Filter Include="include\AK\Plugin">
      <UniqueIdentifier>{628BCAFF-37E8-A344-9AD2-D73CD5F4820C}</UniqueIdentifier>
    </Filter>
    <Filter Include="include\AK\Plugin\PluginServices">
      <UniqueIdentifier>{8F4077DC-6379-0441-B85F-34C6D9AE4EC9}</UniqueIdentifier>
    </Filter>
  </ItemGroup>
  <ItemGroup>
    <ClInclude Include="..\AkDelayFX.h" />
    <ClInclude Include="..\AkDelayFXDSP.h" />
    <ClInclude Include="..\AkDelayFXParams.h" />
    <ClInclude Include="..\..\..\..\..\..\include\AK\Plugin\AkDelayFXFactory.h">
      <Filter>include\AK\Plugin</Filter>
    </ClInclude>
    <ClInclude Include="..\..\..\..\..\..\include\AK\Plugin\PluginServices\AkFXTailHandler.h">
      <Filter>include\AK\Plugin\PluginServices</Filter>
    </ClInclude>
    <ClInclude Include="..\..\..\..\..\..\include\AK\Plugin\PluginServices\AkVectorValueRamp.h">
      <Filter>include\AK\Plugin\PluginServices</Filter>
    </ClInclude>
  </ItemGroup>
  <ItemGroup>
    <ClCompile Include="..\AkDelayFX.cpp" />
    <ClCompile Include="..\AkDelayFXDSP.cpp" />
    <ClCompile Include="..\AkDelayFXParams.cpp" />
  </ItemGroup>
</Project>
