<?xml version="1.0" encoding="utf-8"?>
<Project ToolsVersion="14.0" xmlns="http://schemas.microsoft.com/developer/msbuild/2003">
  <ItemGroup>
    <Filter Include="Resources">
      <UniqueIdentifier>9d2a9469-9d56-4bb0-94b3-6853c63bdb64</UniqueIdentifier>
      <Extensions>rc;ico;cur;bmp;dlg;rc2;rct;bin;rgs;gif;jpg;jpeg;jpe;resx;tga;tiff;tif;png;wav;mfcribbon-ms</Extensions>
    </Filter>
    <Filter Include="Source">
      <UniqueIdentifier>{f5d5f5b8-0052-4d08-95ec-069f1eb92d5d}</UniqueIdentifier>
    </Filter>
    <Filter Include="Headers">
      <UniqueIdentifier>{3d5f8c19-07bb-4927-b96c-5ed7890992e6}</UniqueIdentifier>
    </Filter>
  </ItemGroup>
  <ItemGroup>
    <ClCompile Include="..\WwiseSharp\WwiseSharpEngine.cpp">
      <Filter>Source</Filter>
    </ClCompile>
    <ClCompile Include="..\WwiseSharp\WwiseSharpGameObject.cpp">
      <Filter>Source</Filter>
    </ClCompile>
    <ClCompile Include="..\WwiseSharp\WwiseSharpMusicInfo.cpp">
      <Filter>Source</Filter>
    </ClCompile>
    <ClCompile Include="..\WwiseSharp\WwiseSharpTransform.cpp">
      <Filter>Source</Filter>
    </ClCompile>
  </ItemGroup>
  <ItemGroup>
    <ClInclude Include="..\WwiseSharp\WwiseSharpTransform.h">
      <Filter>Headers</Filter>
    </ClInclude>
    <ClInclude Include="..\WwiseSharp\WwiseSharpEngine.hpp">
      <Filter>Headers</Filter>
    </ClInclude>
    <ClInclude Include="..\WwiseSharp\WwiseSharpGameObject.hpp">
      <Filter>Headers</Filter>
    </ClInclude>
    <ClInclude Include="..\WwiseSharp\WwiseSharpMusicInfo.h">
      <Filter>Headers</Filter>
    </ClInclude>
  </ItemGroup>
</Project>